
Microsoft Visual Studio Solution File, Format Version 12.00
# Visual Studio 15
VisualStudioVersion = 15.0.28307.106
MinimumVisualStudioVersion = 10.0.40219.1
Project("{FAE04EC0-301F-11D3-BF4B-00C04F79EFBC}") = "ANPRAuto", "ANPRAuto\ANPRAuto.csproj", "{B0523AFC-4360-4C9F-A754-395BB1F52D7E}"
EndProject
Project("{FAE04EC0-301F-11D3-BF4B-00C04F79EFBC}") = "VeichleOCR", "VeichleOCR\VeichleOCR.csproj", "{8670C26B-79AB-48E4-ADFF-15814DFF406E}"
EndProject
Project("{FAE04EC0-301F-11D3-BF4B-00C04F79EFBC}") = "ANPRData", "ANPRData\ANPRData.csproj", "{4E9B9ADA-E470-465C-9899-9D78F5787539}"
EndProject
Global
	GlobalSection(SolutionConfigurationPlatforms) = preSolution
		Debug|Any CPU = Debug|Any CPU
		Release|Any CPU = Release|Any CPU
	EndGlobalSection
	GlobalSection(ProjectConfigurationPlatforms) = postSolution
		{B0523AFC-4360-4C9F-A754-395BB1F52D7E}.Debug|Any CPU.ActiveCfg = Debug|Any CPU
		{B0523AFC-4360-4C9F-A754-395BB1F52D7E}.Debug|Any CPU.Build.0 = Debug|Any CPU
		{B0523AFC-4360-4C9F-A754-395BB1F52D7E}.Release|Any CPU.ActiveCfg = Release|Any CPU
		{B0523AFC-4360-4C9F-A754-395BB1F52D7E}.Release|Any CPU.Build.0 = Release|Any CPU
		{8670C26B-79AB-48E4-ADFF-15814DFF406E}.Debug|Any CPU.ActiveCfg = Debug|Any CPU
		{8670C26B-79AB-48E4-ADFF-15814DFF406E}.Debug|Any CPU.Build.0 = Debug|Any CPU
		{8670C26B-79AB-48E4-ADFF-15814DFF406E}.Release|Any CPU.ActiveCfg = Release|Any CPU
		{8670C26B-79AB-48E4-ADFF-15814DFF406E}.Release|Any CPU.Build.0 = Release|Any CPU
		{4E9B9ADA-E470-465C-9899-9D78F5787539}.Debug|Any CPU.ActiveCfg = Debug|Any CPU
		{4E9B9ADA-E470-465C-9899-9D78F5787539}.Debug|Any CPU.Build.0 = Debug|Any CPU
		{4E9B9ADA-E470-465C-9899-9D78F5787539}.Release|Any CPU.ActiveCfg = Release|Any CPU
		{4E9B9ADA-E470-465C-9899-9D78F5787539}.Release|Any CPU.Build.0 = Release|Any CPU
	EndGlobalSection
	GlobalSection(SolutionProperties) = preSolution
		HideSolutionNode = FALSE
	EndGlobalSection
	GlobalSection(ExtensibilityGlobals) = postSolution
		SolutionGuid = {E76E8138-4822-43F8-BF9E-681013F906D7}
	EndGlobalSection
EndGlobal
